// !$*UTF8*$!
{
	archiveVersion = 1;
	classes = {
	};
	objectVersion = 46;
	objects = {

/* Begin PBXBuildFile section */
		073CFF271ABBA6920053EBD8 /* ioapi.c in Sources */ = {isa = PBXBuildFile; fileRef = 073CFF061ABBA6920053EBD8 /* ioapi.c */; };
		073CFF281ABBA6920053EBD8 /* mztools.c in Sources */ = {isa = PBXBuildFile; fileRef = 073CFF081ABBA6920053EBD8 /* mztools.c */; };
		073CFF291ABBA6920053EBD8 /* unzip.c in Sources */ = {isa = PBXBuildFile; fileRef = 073CFF0A1ABBA6920053EBD8 /* unzip.c */; };
		073CFF2A1ABBA6920053EBD8 /* zip.c in Sources */ = {isa = PBXBuildFile; fileRef = 073CFF0C1ABBA6920053EBD8 /* zip.c */; };
		073CFF2B1ABBA6920053EBD8 /* ZipArchive.m in Sources */ = {isa = PBXBuildFile; fileRef = 073CFF0F1ABBA6920053EBD8 /* ZipArchive.m */; };
		073CFF2C1ABBA6920053EBD8 /* adler32.c in Sources */ = {isa = PBXBuildFile; fileRef = 073CFF111ABBA6920053EBD8 /* adler32.c */; };
		073CFF2D1ABBA6920053EBD8 /* compress.c in Sources */ = {isa = PBXBuildFile; fileRef = 073CFF121ABBA6920053EBD8 /* compress.c */; };
		073CFF2E1ABBA6920053EBD8 /* crc32.c in Sources */ = {isa = PBXBuildFile; fileRef = 073CFF131ABBA6920053EBD8 /* crc32.c */; };
		073CFF2F1ABBA6920053EBD8 /* deflate.c in Sources */ = {isa = PBXBuildFile; fileRef = 073CFF151ABBA6920053EBD8 /* deflate.c */; };
		073CFF301ABBA6920053EBD8 /* gzio.c in Sources */ = {isa = PBXBuildFile; fileRef = 073CFF171ABBA6920053EBD8 /* gzio.c */; };
		073CFF311ABBA6920053EBD8 /* infback.c in Sources */ = {isa = PBXBuildFile; fileRef = 073CFF181ABBA6920053EBD8 /* infback.c */; };
		073CFF321ABBA6920053EBD8 /* inffast.c in Sources */ = {isa = PBXBuildFile; fileRef = 073CFF191ABBA6920053EBD8 /* inffast.c */; };
		073CFF331ABBA6920053EBD8 /* inflate.c in Sources */ = {isa = PBXBuildFile; fileRef = 073CFF1C1ABBA6920053EBD8 /* inflate.c */; };
		073CFF341ABBA6920053EBD8 /* inftrees.c in Sources */ = {isa = PBXBuildFile; fileRef = 073CFF1E1ABBA6920053EBD8 /* inftrees.c */; };
		073CFF351ABBA6920053EBD8 /* trees.c in Sources */ = {isa = PBXBuildFile; fileRef = 073CFF201ABBA6920053EBD8 /* trees.c */; };
		073CFF361ABBA6920053EBD8 /* uncompr.c in Sources */ = {isa = PBXBuildFile; fileRef = 073CFF221ABBA6920053EBD8 /* uncompr.c */; };
		073CFF371ABBA6920053EBD8 /* zutil.c in Sources */ = {isa = PBXBuildFile; fileRef = 073CFF251ABBA6920053EBD8 /* zutil.c */; };
		07D45BC31A7A306800FB9EC1 /* libz.dylib in Frameworks */ = {isa = PBXBuildFile; fileRef = 07D45B8C1A7A25C600FB9EC1 /* libz.dylib */; };
		07E71D8E1A78FBE50032D74F /* Default-568h@2x.png in Resources */ = {isa = PBXBuildFile; fileRef = 07E71D8D1A78FBE50032D74F /* Default-568h@2x.png */; };
		07E84F141A78CF17001926B5 /* main.m in Sources */ = {isa = PBXBuildFile; fileRef = 07E84F131A78CF17001926B5 /* main.m */; };
		07E84F171A78CF18001926B5 /* AppDelegate.m in Sources */ = {isa = PBXBuildFile; fileRef = 07E84F161A78CF18001926B5 /* AppDelegate.m */; };
		07E84F1A1A78CF18001926B5 /* ViewController.m in Sources */ = {isa = PBXBuildFile; fileRef = 07E84F191A78CF18001926B5 /* ViewController.m */; };
		07E84F1F1A78CF18001926B5 /* Images.xcassets in Resources */ = {isa = PBXBuildFile; fileRef = 07E84F1E1A78CF18001926B5 /* Images.xcassets */; };
		07E84F3B1A78D73B001926B5 /* AppRootView.xib in Resources */ = {isa = PBXBuildFile; fileRef = 07E84F3A1A78D73B001926B5 /* AppRootView.xib */; };
/* End PBXBuildFile section */

/* Begin PBXContainerItemProxy section */
		07E71D901A78FBE50032D74F /* PBXContainerItemProxy */ = {
			isa = PBXContainerItemProxy;
			containerPortal = 07E84FBA1A78F46E001926B5 /* External.xcodeproj */;
			proxyType = 2;
			remoteGlobalIDString = 07E84FC71A78F972001926B5;
			remoteInfo = Plugin;
		};
/* End PBXContainerItemProxy section */

/* Begin PBXFileReference section */
		073CFF051ABBA6920053EBD8 /* crypt.h */ = {isa = PBXFileReference; fileEncoding = 4; lastKnownFileType = sourcecode.c.h; path = crypt.h; sourceTree = "<group>"; };
		073CFF061ABBA6920053EBD8 /* ioapi.c */ = {isa = PBXFileReference; fileEncoding = 4; lastKnownFileType = sourcecode.c.c; path = ioapi.c; sourceTree = "<group>"; };
		073CFF071ABBA6920053EBD8 /* ioapi.h */ = {isa = PBXFileReference; fileEncoding = 4; lastKnownFileType = sourcecode.c.h; path = ioapi.h; sourceTree = "<group>"; };
		073CFF081ABBA6920053EBD8 /* mztools.c */ = {isa = PBXFileReference; fileEncoding = 4; lastKnownFileType = sourcecode.c.c; path = mztools.c; sourceTree = "<group>"; };
		073CFF091ABBA6920053EBD8 /* mztools.h */ = {isa = PBXFileReference; fileEncoding = 4; lastKnownFileType = sourcecode.c.h; path = mztools.h; sourceTree = "<group>"; };
		073CFF0A1ABBA6920053EBD8 /* unzip.c */ = {isa = PBXFileReference; fileEncoding = 4; lastKnownFileType = sourcecode.c.c; path = unzip.c; sourceTree = "<group>"; };
		073CFF0B1ABBA6920053EBD8 /* unzip.h */ = {isa = PBXFileReference; fileEncoding = 4; lastKnownFileType = sourcecode.c.h; path = unzip.h; sourceTree = "<group>"; };
		073CFF0C1ABBA6920053EBD8 /* zip.c */ = {isa = PBXFileReference; fileEncoding = 4; lastKnownFileType = sourcecode.c.c; path = zip.c; sourceTree = "<group>"; };
		073CFF0D1ABBA6920053EBD8 /* zip.h */ = {isa = PBXFileReference; fileEncoding = 4; lastKnownFileType = sourcecode.c.h; path = zip.h; sourceTree = "<group>"; };
		073CFF0E1ABBA6920053EBD8 /* ZipArchive.h */ = {isa = PBXFileReference; fileEncoding = 4; lastKnownFileType = sourcecode.c.h; path = ZipArchive.h; sourceTree = "<group>"; };
		073CFF0F1ABBA6920053EBD8 /* ZipArchive.m */ = {isa = PBXFileReference; fileEncoding = 4; lastKnownFileType = sourcecode.c.objc; path = ZipArchive.m; sourceTree = "<group>"; };
		073CFF111ABBA6920053EBD8 /* adler32.c */ = {isa = PBXFileReference; fileEncoding = 4; lastKnownFileType = sourcecode.c.c; path = adler32.c; sourceTree = "<group>"; };
		073CFF121ABBA6920053EBD8 /* compress.c */ = {isa = PBXFileReference; fileEncoding = 4; lastKnownFileType = sourcecode.c.c; path = compress.c; sourceTree = "<group>"; };
		073CFF131ABBA6920053EBD8 /* crc32.c */ = {isa = PBXFileReference; fileEncoding = 4; lastKnownFileType = sourcecode.c.c; path = crc32.c; sourceTree = "<group>"; };
		073CFF141ABBA6920053EBD8 /* crc32.h */ = {isa = PBXFileReference; fileEncoding = 4; lastKnownFileType = sourcecode.c.h; path = crc32.h; sourceTree = "<group>"; };
		073CFF151ABBA6920053EBD8 /* deflate.c */ = {isa = PBXFileReference; fileEncoding = 4; lastKnownFileType = sourcecode.c.c; path = deflate.c; sourceTree = "<group>"; };
		073CFF161ABBA6920053EBD8 /* deflate.h */ = {isa = PBXFileReference; fileEncoding = 4; lastKnownFileType = sourcecode.c.h; path = deflate.h; sourceTree = "<group>"; };
		073CFF171ABBA6920053EBD8 /* gzio.c */ = {isa = PBXFileReference; fileEncoding = 4; lastKnownFileType = sourcecode.c.c; path = gzio.c; sourceTree = "<group>"; };
		073CFF181ABBA6920053EBD8 /* infback.c */ = {isa = PBXFileReference; fileEncoding = 4; lastKnownFileType = sourcecode.c.c; path = infback.c; sourceTree = "<group>"; };
		073CFF191ABBA6920053EBD8 /* inffast.c */ = {isa = PBXFileReference; fileEncoding = 4; lastKnownFileType = sourcecode.c.c; path = inffast.c; sourceTree = "<group>"; };
		073CFF1A1ABBA6920053EBD8 /* inffast.h */ = {isa = PBXFileReference; fileEncoding = 4; lastKnownFileType = sourcecode.c.h; path = inffast.h; sourceTree = "<group>"; };
		073CFF1B1ABBA6920053EBD8 /* inffixed.h */ = {isa = PBXFileReference; fileEncoding = 4; lastKnownFileType = sourcecode.c.h; path = inffixed.h; sourceTree = "<group>"; };
		073CFF1C1ABBA6920053EBD8 /* inflate.c */ = {isa = PBXFileReference; fileEncoding = 4; lastKnownFileType = sourcecode.c.c; path = inflate.c; sourceTree = "<group>"; };
		073CFF1D1ABBA6920053EBD8 /* inflate.h */ = {isa = PBXFileReference; fileEncoding = 4; lastKnownFileType = sourcecode.c.h; path = inflate.h; sourceTree = "<group>"; };
		073CFF1E1ABBA6920053EBD8 /* inftrees.c */ = {isa = PBXFileReference; fileEncoding = 4; lastKnownFileType = sourcecode.c.c; path = inftrees.c; sourceTree = "<group>"; };
		073CFF1F1ABBA6920053EBD8 /* inftrees.h */ = {isa = PBXFileReference; fileEncoding = 4; lastKnownFileType = sourcecode.c.h; path = inftrees.h; sourceTree = "<group>"; };
		073CFF201ABBA6920053EBD8 /* trees.c */ = {isa = PBXFileReference; fileEncoding = 4; lastKnownFileType = sourcecode.c.c; path = trees.c; sourceTree = "<group>"; };
		073CFF211ABBA6920053EBD8 /* trees.h */ = {isa = PBXFileReference; fileEncoding = 4; lastKnownFileType = sourcecode.c.h; path = trees.h; sourceTree = "<group>"; };
		073CFF221ABBA6920053EBD8 /* uncompr.c */ = {isa = PBXFileReference; fileEncoding = 4; lastKnownFileType = sourcecode.c.c; path = uncompr.c; sourceTree = "<group>"; };
		073CFF231ABBA6920053EBD8 /* zconf.h */ = {isa = PBXFileReference; fileEncoding = 4; lastKnownFileType = sourcecode.c.h; path = zconf.h; sourceTree = "<group>"; };
		073CFF241ABBA6920053EBD8 /* zlib.h */ = {isa = PBXFileReference; fileEncoding = 4; lastKnownFileType = sourcecode.c.h; path = zlib.h; sourceTree = "<group>"; };
		073CFF251ABBA6920053EBD8 /* zutil.c */ = {isa = PBXFileReference; fileEncoding = 4; lastKnownFileType = sourcecode.c.c; path = zutil.c; sourceTree = "<group>"; };
		073CFF261ABBA6920053EBD8 /* zutil.h */ = {isa = PBXFileReference; fileEncoding = 4; lastKnownFileType = sourcecode.c.h; path = zutil.h; sourceTree = "<group>"; };
		07D45B8C1A7A25C600FB9EC1 /* libz.dylib */ = {isa = PBXFileReference; lastKnownFileType = "compiled.mach-o.dylib"; name = libz.dylib; path = usr/lib/libz.dylib; sourceTree = SDKROOT; };
		07E71D8D1A78FBE50032D74F /* Default-568h@2x.png */ = {isa = PBXFileReference; lastKnownFileType = image.png; path = "Default-568h@2x.png"; sourceTree = "<group>"; };
		07E84F0E1A78CF17001926B5 /* TestApp2.app */ = {isa = PBXFileReference; explicitFileType = wrapper.application; includeInIndex = 0; path = TestApp2.app; sourceTree = BUILT_PRODUCTS_DIR; };
		07E84F121A78CF17001926B5 /* Info.plist */ = {isa = PBXFileReference; lastKnownFileType = text.plist.xml; path = Info.plist; sourceTree = "<group>"; };
		07E84F131A78CF17001926B5 /* main.m */ = {isa = PBXFileReference; lastKnownFileType = sourcecode.c.objc; path = main.m; sourceTree = "<group>"; };
		07E84F151A78CF17001926B5 /* AppDelegate.h */ = {isa = PBXFileReference; lastKnownFileType = sourcecode.c.h; path = AppDelegate.h; sourceTree = "<group>"; };
		07E84F161A78CF18001926B5 /* AppDelegate.m */ = {isa = PBXFileReference; lastKnownFileType = sourcecode.c.objc; path = AppDelegate.m; sourceTree = "<group>"; };
		07E84F181A78CF18001926B5 /* ViewController.h */ = {isa = PBXFileReference; lastKnownFileType = sourcecode.c.h; path = ViewController.h; sourceTree = "<group>"; };
		07E84F191A78CF18001926B5 /* ViewController.m */ = {isa = PBXFileReference; lastKnownFileType = sourcecode.c.objc; path = ViewController.m; sourceTree = "<group>"; };
		07E84F1E1A78CF18001926B5 /* Images.xcassets */ = {isa = PBXFileReference; lastKnownFileType = folder.assetcatalog; path = Images.xcassets; sourceTree = "<group>"; };
		07E84F2C1A78CF18001926B5 /* Info.plist */ = {isa = PBXFileReference; lastKnownFileType = text.plist.xml; path = Info.plist; sourceTree = "<group>"; };
		07E84F2D1A78CF18001926B5 /* TestApp2Tests.m */ = {isa = PBXFileReference; lastKnownFileType = sourcecode.c.objc; path = TestApp2Tests.m; sourceTree = "<group>"; };
		07E84F3A1A78D73B001926B5 /* AppRootView.xib */ = {isa = PBXFileReference; fileEncoding = 4; lastKnownFileType = file.xib; path = AppRootView.xib; sourceTree = "<group>"; };
		07E84FBA1A78F46E001926B5 /* External.xcodeproj */ = {isa = PBXFileReference; lastKnownFileType = "wrapper.pb-project"; name = External.xcodeproj; path = External/External.xcodeproj; sourceTree = "<group>"; };
/* End PBXFileReference section */

/* Begin PBXFrameworksBuildPhase section */
		07E84F0B1A78CF17001926B5 /* Frameworks */ = {
			isa = PBXFrameworksBuildPhase;
			buildActionMask = 2147483647;
			files = (
				07D45BC31A7A306800FB9EC1 /* libz.dylib in Frameworks */,
			);
			runOnlyForDeploymentPostprocessing = 0;
		};
/* End PBXFrameworksBuildPhase section */

/* Begin PBXGroup section */
		073CFF031ABBA6920053EBD8 /* ZipArchive */ = {
			isa = PBXGroup;
			children = (
				073CFF041ABBA6920053EBD8 /* minizip */,
				073CFF0E1ABBA6920053EBD8 /* ZipArchive.h */,
				073CFF0F1ABBA6920053EBD8 /* ZipArchive.m */,
				073CFF101ABBA6920053EBD8 /* ZLib */,
			);
			path = ZipArchive;
			sourceTree = "<group>";
		};
		073CFF041ABBA6920053EBD8 /* minizip */ = {
			isa = PBXGroup;
			children = (
				073CFF051ABBA6920053EBD8 /* crypt.h */,
				073CFF061ABBA6920053EBD8 /* ioapi.c */,
				073CFF071ABBA6920053EBD8 /* ioapi.h */,
				073CFF081ABBA6920053EBD8 /* mztools.c */,
				073CFF091ABBA6920053EBD8 /* mztools.h */,
				073CFF0A1ABBA6920053EBD8 /* unzip.c */,
				073CFF0B1ABBA6920053EBD8 /* unzip.h */,
				073CFF0C1ABBA6920053EBD8 /* zip.c */,
				073CFF0D1ABBA6920053EBD8 /* zip.h */,
			);
			path = minizip;
			sourceTree = "<group>";
		};
		073CFF101ABBA6920053EBD8 /* ZLib */ = {
			isa = PBXGroup;
			children = (
				073CFF111ABBA6920053EBD8 /* adler32.c */,
				073CFF121ABBA6920053EBD8 /* compress.c */,
				073CFF131ABBA6920053EBD8 /* crc32.c */,
				073CFF141ABBA6920053EBD8 /* crc32.h */,
				073CFF151ABBA6920053EBD8 /* deflate.c */,
				073CFF161ABBA6920053EBD8 /* deflate.h */,
				073CFF171ABBA6920053EBD8 /* gzio.c */,
				073CFF181ABBA6920053EBD8 /* infback.c */,
				073CFF191ABBA6920053EBD8 /* inffast.c */,
				073CFF1A1ABBA6920053EBD8 /* inffast.h */,
				073CFF1B1ABBA6920053EBD8 /* inffixed.h */,
				073CFF1C1ABBA6920053EBD8 /* inflate.c */,
				073CFF1D1ABBA6920053EBD8 /* inflate.h */,
				073CFF1E1ABBA6920053EBD8 /* inftrees.c */,
				073CFF1F1ABBA6920053EBD8 /* inftrees.h */,
				073CFF201ABBA6920053EBD8 /* trees.c */,
				073CFF211ABBA6920053EBD8 /* trees.h */,
				073CFF221ABBA6920053EBD8 /* uncompr.c */,
				073CFF231ABBA6920053EBD8 /* zconf.h */,
				073CFF241ABBA6920053EBD8 /* zlib.h */,
				073CFF251ABBA6920053EBD8 /* zutil.c */,
				073CFF261ABBA6920053EBD8 /* zutil.h */,
			);
			path = ZLib;
			sourceTree = "<group>";
		};
		07E84F051A78CF17001926B5 = {
			isa = PBXGroup;
			children = (
				07D45B8C1A7A25C600FB9EC1 /* libz.dylib */,
				07E71D8D1A78FBE50032D74F /* Default-568h@2x.png */,
				07E84FBA1A78F46E001926B5 /* External.xcodeproj */,
				07E84F101A78CF17001926B5 /* TestApp2 */,
				07E84F2A1A78CF18001926B5 /* TestApp2Tests */,
				07E84F0F1A78CF17001926B5 /* Products */,
			);
			sourceTree = "<group>";
		};
		07E84F0F1A78CF17001926B5 /* Products */ = {
			isa = PBXGroup;
			children = (
				07E84F0E1A78CF17001926B5 /* TestApp2.app */,
			);
			name = Products;
			sourceTree = "<group>";
		};
		07E84F101A78CF17001926B5 /* TestApp2 */ = {
			isa = PBXGroup;
			children = (
				073CFF031ABBA6920053EBD8 /* ZipArchive */,
				07E84F151A78CF17001926B5 /* AppDelegate.h */,
				07E84F161A78CF18001926B5 /* AppDelegate.m */,
				07E84F181A78CF18001926B5 /* ViewController.h */,
				07E84F191A78CF18001926B5 /* ViewController.m */,
				07E84F1E1A78CF18001926B5 /* Images.xcassets */,
				07E84F3A1A78D73B001926B5 /* AppRootView.xib */,
				07E84F111A78CF17001926B5 /* Supporting Files */,
			);
			path = TestApp2;
			sourceTree = "<group>";
		};
		07E84F111A78CF17001926B5 /* Supporting Files */ = {
			isa = PBXGroup;
			children = (
				07E84F121A78CF17001926B5 /* Info.plist */,
				07E84F131A78CF17001926B5 /* main.m */,
			);
			name = "Supporting Files";
			sourceTree = "<group>";
		};
		07E84F2A1A78CF18001926B5 /* TestApp2Tests */ = {
			isa = PBXGroup;
			children = (
				07E84F2D1A78CF18001926B5 /* TestApp2Tests.m */,
				07E84F2B1A78CF18001926B5 /* Supporting Files */,
			);
			path = TestApp2Tests;
			sourceTree = "<group>";
		};
		07E84F2B1A78CF18001926B5 /* Supporting Files */ = {
			isa = PBXGroup;
			children = (
				07E84F2C1A78CF18001926B5 /* Info.plist */,
			);
			name = "Supporting Files";
			sourceTree = "<group>";
		};
		07E84FBB1A78F46E001926B5 /* Products */ = {
			isa = PBXGroup;
			children = (
				07E71D911A78FBE50032D74F /* Plugin.bundle */,
			);
			name = Products;
			sourceTree = "<group>";
		};
/* End PBXGroup section */

/* Begin PBXNativeTarget section */
		07E84F0D1A78CF17001926B5 /* TestApp2 */ = {
			isa = PBXNativeTarget;
			buildConfigurationList = 07E84F311A78CF18001926B5 /* Build configuration list for PBXNativeTarget "TestApp2" */;
			buildPhases = (
				07E84F0A1A78CF17001926B5 /* Sources */,
				07E84F0B1A78CF17001926B5 /* Frameworks */,
				07E84F0C1A78CF17001926B5 /* Resources */,
			);
			buildRules = (
			);
			dependencies = (
			);
			name = TestApp2;
			productName = TestApp2;
			productReference = 07E84F0E1A78CF17001926B5 /* TestApp2.app */;
			productType = "com.apple.product-type.application";
		};
/* End PBXNativeTarget section */

/* Begin PBXProject section */
		07E84F061A78CF17001926B5 /* Project object */ = {
			isa = PBXProject;
			attributes = {
				LastUpgradeCheck = 0610;
				ORGANIZATIONNAME = jeffrey;
				TargetAttributes = {
					07E84F0D1A78CF17001926B5 = {
						CreatedOnToolsVersion = 6.1.1;
						DevelopmentTeam = 9R44C6UQRU;
					};
				};
			};
			buildConfigurationList = 07E84F091A78CF17001926B5 /* Build configuration list for PBXProject "TestApp2" */;
			compatibilityVersion = "Xcode 3.2";
			developmentRegion = English;
			hasScannedForEncodings = 0;
			knownRegions = (
				en,
				Base,
			);
			mainGroup = 07E84F051A78CF17001926B5;
			productRefGroup = 07E84F0F1A78CF17001926B5 /* Products */;
			projectDirPath = "";
			projectReferences = (
				{
					ProductGroup = 07E84FBB1A78F46E001926B5 /* Products */;
					ProjectRef = 07E84FBA1A78F46E001926B5 /* External.xcodeproj */;
				},
			);
			projectRoot = "";
			targets = (
				07E84F0D1A78CF17001926B5 /* TestApp2 */,
			);
		};
/* End PBXProject section */

/* Begin PBXReferenceProxy section */
		07E71D911A78FBE50032D74F /* Plugin.bundle */ = {
			isa = PBXReferenceProxy;
			fileType = wrapper.cfbundle;
			path = Plugin.bundle;
			remoteRef = 07E71D901A78FBE50032D74F /* PBXContainerItemProxy */;
			sourceTree = BUILT_PRODUCTS_DIR;
		};
/* End PBXReferenceProxy section */

/* Begin PBXResourcesBuildPhase section */
		07E84F0C1A78CF17001926B5 /* Resources */ = {
			isa = PBXResourcesBuildPhase;
			buildActionMask = 2147483647;
			files = (
				07E84F1F1A78CF18001926B5 /* Images.xcassets in Resources */,
				07E84F3B1A78D73B001926B5 /* AppRootView.xib in Resources */,
				07E71D8E1A78FBE50032D74F /* Default-568h@2x.png in Resources */,
			);
			runOnlyForDeploymentPostprocessing = 0;
		};
/* End PBXResourcesBuildPhase section */

/* Begin PBXSourcesBuildPhase section */
		07E84F0A1A78CF17001926B5 /* Sources */ = {
			isa = PBXSourcesBuildPhase;
			buildActionMask = 2147483647;
			files = (
				073CFF361ABBA6920053EBD8 /* uncompr.c in Sources */,
				073CFF301ABBA6920053EBD8 /* gzio.c in Sources */,
				073CFF291ABBA6920053EBD8 /* unzip.c in Sources */,
				073CFF311ABBA6920053EBD8 /* infback.c in Sources */,
				073CFF371ABBA6920053EBD8 /* zutil.c in Sources */,
				07E84F1A1A78CF18001926B5 /* ViewController.m in Sources */,
				073CFF2C1ABBA6920053EBD8 /* adler32.c in Sources */,
				073CFF321ABBA6920053EBD8 /* inffast.c in Sources */,
				07E84F171A78CF18001926B5 /* AppDelegate.m in Sources */,
				073CFF271ABBA6920053EBD8 /* ioapi.c in Sources */,
				073CFF2B1ABBA6920053EBD8 /* ZipArchive.m in Sources */,
				073CFF2E1ABBA6920053EBD8 /* crc32.c in Sources */,
				073CFF2F1ABBA6920053EBD8 /* deflate.c in Sources */,
				073CFF341ABBA6920053EBD8 /* inftrees.c in Sources */,
				073CFF2A1ABBA6920053EBD8 /* zip.c in Sources */,
				07E84F141A78CF17001926B5 /* main.m in Sources */,
				073CFF331ABBA6920053EBD8 /* inflate.c in Sources */,
				073CFF351ABBA6920053EBD8 /* trees.c in Sources */,
				073CFF281ABBA6920053EBD8 /* mztools.c in Sources */,
				073CFF2D1ABBA6920053EBD8 /* compress.c in Sources */,
			);
			runOnlyForDeploymentPostprocessing = 0;
		};
/* End PBXSourcesBuildPhase section */

/* Begin XCBuildConfiguration section */
		07E84F2F1A78CF18001926B5 /* Debug */ = {
			isa = XCBuildConfiguration;
			buildSettings = {
				ALWAYS_SEARCH_USER_PATHS = NO;
				CLANG_CXX_LANGUAGE_STANDARD = "gnu++0x";
				CLANG_CXX_LIBRARY = "libc++";
				CLANG_ENABLE_MODULES = YES;
				CLANG_ENABLE_OBJC_ARC = YES;
				CLANG_WARN_BOOL_CONVERSION = YES;
				CLANG_WARN_CONSTANT_CONVERSION = YES;
				CLANG_WARN_DIRECT_OBJC_ISA_USAGE = YES_ERROR;
				CLANG_WARN_EMPTY_BODY = YES;
				CLANG_WARN_ENUM_CONVERSION = YES;
				CLANG_WARN_INT_CONVERSION = YES;
				CLANG_WARN_OBJC_ROOT_CLASS = YES_ERROR;
				CLANG_WARN_UNREACHABLE_CODE = YES;
				CLANG_WARN__DUPLICATE_METHOD_MATCH = YES;
				CODE_SIGN_IDENTITY = "iPhone Developer: Jeffrey Garcia (S67Z664CU6)";
				"CODE_SIGN_IDENTITY[sdk=iphoneos*]" = "iPhone Developer: Jeffrey Garcia (S67Z664CU6)";
				COPY_PHASE_STRIP = NO;
				ENABLE_STRICT_OBJC_MSGSEND = YES;
				GCC_C_LANGUAGE_STANDARD = gnu99;
				GCC_DYNAMIC_NO_PIC = NO;
				GCC_OPTIMIZATION_LEVEL = 0;
				GCC_PREPROCESSOR_DEFINITIONS = (
					"DEBUG=1",
					"$(inherited)",
				);
				GCC_SYMBOLS_PRIVATE_EXTERN = NO;
				GCC_WARN_64_TO_32_BIT_CONVERSION = YES;
				GCC_WARN_ABOUT_RETURN_TYPE = YES_ERROR;
				GCC_WARN_UNDECLARED_SELECTOR = YES;
				GCC_WARN_UNINITIALIZED_AUTOS = YES_AGGRESSIVE;
				GCC_WARN_UNUSED_FUNCTION = YES;
				GCC_WARN_UNUSED_VARIABLE = YES;
				IPHONEOS_DEPLOYMENT_TARGET = 8.1;
				MTL_ENABLE_DEBUG_INFO = YES;
				ONLY_ACTIVE_ARCH = NO;
				SDKROOT = iphoneos;
				SUPPORTED_PLATFORMS = "iphonesimulator iphoneos";
				TARGETED_DEVICE_FAMILY = "1,2";
			};
			name = Debug;
		};
		07E84F301A78CF18001926B5 /* Release */ = {
			isa = XCBuildConfiguration;
			buildSettings = {
				ALWAYS_SEARCH_USER_PATHS = NO;
				CLANG_CXX_LANGUAGE_STANDARD = "gnu++0x";
				CLANG_CXX_LIBRARY = "libc++";
				CLANG_ENABLE_MODULES = YES;
				CLANG_ENABLE_OBJC_ARC = YES;
				CLANG_WARN_BOOL_CONVERSION = YES;
				CLANG_WARN_CONSTANT_CONVERSION = YES;
				CLANG_WARN_DIRECT_OBJC_ISA_USAGE = YES_ERROR;
				CLANG_WARN_EMPTY_BODY = YES;
				CLANG_WARN_ENUM_CONVERSION = YES;
				CLANG_WARN_INT_CONVERSION = YES;
				CLANG_WARN_OBJC_ROOT_CLASS = YES_ERROR;
				CLANG_WARN_UNREACHABLE_CODE = YES;
				CLANG_WARN__DUPLICATE_METHOD_MATCH = YES;
				CODE_SIGN_IDENTITY = "iPhone Developer: Jeffrey Garcia (S67Z664CU6)";
				"CODE_SIGN_IDENTITY[sdk=iphoneos*]" = "iPhone Developer: Jeffrey Garcia (S67Z664CU6)";
				COPY_PHASE_STRIP = YES;
				ENABLE_NS_ASSERTIONS = NO;
				ENABLE_STRICT_OBJC_MSGSEND = YES;
				GCC_C_LANGUAGE_STANDARD = gnu99;
				GCC_WARN_64_TO_32_BIT_CONVERSION = YES;
				GCC_WARN_ABOUT_RETURN_TYPE = YES_ERROR;
				GCC_WARN_UNDECLARED_SELECTOR = YES;
				GCC_WARN_UNINITIALIZED_AUTOS = YES_AGGRESSIVE;
				GCC_WARN_UNUSED_FUNCTION = YES;
				GCC_WARN_UNUSED_VARIABLE = YES;
				IPHONEOS_DEPLOYMENT_TARGET = 8.1;
				MTL_ENABLE_DEBUG_INFO = NO;
				ONLY_ACTIVE_ARCH = NO;
				SDKROOT = iphoneos;
				SUPPORTED_PLATFORMS = "iphonesimulator iphoneos";
				TARGETED_DEVICE_FAMILY = "1,2";
				VALIDATE_PRODUCT = YES;
			};
			name = Release;
		};
		07E84F321A78CF18001926B5 /* Debug */ = {
			isa = XCBuildConfiguration;
			buildSettings = {
				ASSETCATALOG_COMPILER_APPICON_NAME = AppIcon;
				CODE_SIGN_IDENTITY = "iPhone Developer: Jeffrey Garcia (S67Z664CU6)";
				"CODE_SIGN_IDENTITY[sdk=iphoneos*]" = "iPhone Developer: Jeffrey Garcia (S67Z664CU6)";
				INFOPLIST_FILE = TestApp2/Info.plist;
				IPHONEOS_DEPLOYMENT_TARGET = 7.0;
				LD_RUNPATH_SEARCH_PATHS = "$(inherited) @executable_path/Frameworks";
				PRODUCT_NAME = "$(TARGET_NAME)";
				PROVISIONING_PROFILE = "39ec1f74-ce22-4e44-8ce7-4242a9fa2d86";
			};
			name = Debug;
		};
		07E84F331A78CF18001926B5 /* Release */ = {
			isa = XCBuildConfiguration;
			buildSettings = {
				ASSETCATALOG_COMPILER_APPICON_NAME = AppIcon;
				CODE_SIGN_IDENTITY = "iPhone Developer: Jeffrey Garcia (S67Z664CU6)";
				"CODE_SIGN_IDENTITY[sdk=iphoneos*]" = "iPhone Developer: Jeffrey Garcia (S67Z664CU6)";
				INFOPLIST_FILE = TestApp2/Info.plist;
				IPHONEOS_DEPLOYMENT_TARGET = 7.0;
				LD_RUNPATH_SEARCH_PATHS = "$(inherited) @executable_path/Frameworks";
				PRODUCT_NAME = "$(TARGET_NAME)";
				PROVISIONING_PROFILE = "39ec1f74-ce22-4e44-8ce7-4242a9fa2d86";
			};
			name = Release;
		};
/* End XCBuildConfiguration section */

/* Begin XCConfigurationList section */
		07E84F091A78CF17001926B5 /* Build configuration list for PBXProject "TestApp2" */ = {
			isa = XCConfigurationList;
			buildConfigurations = (
				07E84F2F1A78CF18001926B5 /* Debug */,
				07E84F301A78CF18001926B5 /* Release */,
			);
			defaultConfigurationIsVisible = 0;
			defaultConfigurationName = Release;
		};
		07E84F311A78CF18001926B5 /* Build configuration list for PBXNativeTarget "TestApp2" */ = {
			isa = XCConfigurationList;
			buildConfigurations = (
				07E84F321A78CF18001926B5 /* Debug */,
				07E84F331A78CF18001926B5 /* Release */,
			);
			defaultConfigurationIsVisible = 0;
			defaultConfigurationName = Release;
		};
/* End XCConfigurationList section */
	};
	rootObject = 07E84F061A78CF17001926B5 /* Project object */;
}
